
Microsoft Visual Studio Solution File, Format Version 12.00
# Visual Studio Version 17
VisualStudioVersion = 17.14.37012.4 d17.14
MinimumVisualStudioVersion = 10.0.40219.1
Project("{FAE04EC0-301F-11D3-BF4B-00C04F79EFBC}") = "lab11", "lab11\lab11.csproj", "{861BA6FD-6D95-4529-9F76-1782CADAAC49}"
EndProject
Project("{FAE04EC0-301F-11D3-BF4B-00C04F79EFBC}") = "lab11Tests", "lab11Tests\lab11Tests.csproj", "{29B3EE5F-69C8-4E55-8E24-30D61D505C94}"
EndProject
Global
	GlobalSection(SolutionConfigurationPlatforms) = preSolution
		Debug|Any CPU = Debug|Any CPU
		Release|Any CPU = Release|Any CPU
	EndGlobalSection
	GlobalSection(ProjectConfigurationPlatforms) = postSolution
		{861BA6FD-6D95-4529-9F76-1782CADAAC49}.Debug|Any CPU.ActiveCfg = Debug|Any CPU
		{861BA6FD-6D95-4529-9F76-1782CADAAC49}.Debug|Any CPU.Build.0 = Debug|Any CPU
		{861BA6FD-6D95-4529-9F76-1782CADAAC49}.Release|Any CPU.ActiveCfg = Release|Any CPU
		{861BA6FD-6D95-4529-9F76-1782CADAAC49}.Release|Any CPU.Build.0 = Release|Any CPU
		{29B3EE5F-69C8-4E55-8E24-30D61D505C94}.Debug|Any CPU.ActiveCfg = Debug|Any CPU
		{29B3EE5F-69C8-4E55-8E24-30D61D505C94}.Debug|Any CPU.Build.0 = Debug|Any CPU
		{29B3EE5F-69C8-4E55-8E24-30D61D505C94}.Release|Any CPU.ActiveCfg = Release|Any CPU
		{29B3EE5F-69C8-4E55-8E24-30D61D505C94}.Release|Any CPU.Build.0 = Release|Any CPU
	EndGlobalSection
	GlobalSection(SolutionProperties) = preSolution
		HideSolutionNode = FALSE
	EndGlobalSection
	GlobalSection(ExtensibilityGlobals) = postSolution
		SolutionGuid = {259A12A0-A990-4FBB-8A0A-5A4ED4F6C20C}
	EndGlobalSection
EndGlobal
